
Microsoft Visual Studio Solution File, Format Version 12.00
# Visual Studio 14
VisualStudioVersion = 14.0.25420.1
MinimumVisualStudioVersion = 10.0.40219.1
Project("{FAE04EC0-301F-11D3-BF4B-00C04F79EFBC}") = "Opgave1+2", "Opgave1+2\Opgave1+2.csproj", "{4AE15626-937A-4B6E-AB74-6B1181DAE7CE}"
EndProject
Project("{FAE04EC0-301F-11D3-BF4B-00C04F79EFBC}") = "Opgave4", "Opgave4\Opgave4.csproj", "{45777EE5-F945-494D-9373-BA5D24A161A5}"
EndProject
Project("{FAE04EC0-301F-11D3-BF4B-00C04F79EFBC}") = "Opgave5", "Opgave5\Opgave5.csproj", "{F45AA6F1-4B4A-41B3-A966-D716BEB31C41}"
EndProject
Project("{FAE04EC0-301F-11D3-BF4B-00C04F79EFBC}") = "Opgave6", "Opgave6\Opgave6.csproj", "{282F0B9E-02E3-4057-A5C9-CE24CB800985}"
EndProject
Global
	GlobalSection(SolutionConfigurationPlatforms) = preSolution
		Debug|Any CPU = Debug|Any CPU
		Release|Any CPU = Release|Any CPU
	EndGlobalSection
	GlobalSection(ProjectConfigurationPlatforms) = postSolution
		{4AE15626-937A-4B6E-AB74-6B1181DAE7CE}.Debug|Any CPU.ActiveCfg = Debug|Any CPU
		{4AE15626-937A-4B6E-AB74-6B1181DAE7CE}.Debug|Any CPU.Build.0 = Debug|Any CPU
		{4AE15626-937A-4B6E-AB74-6B1181DAE7CE}.Release|Any CPU.ActiveCfg = Release|Any CPU
		{4AE15626-937A-4B6E-AB74-6B1181DAE7CE}.Release|Any CPU.Build.0 = Release|Any CPU
		{45777EE5-F945-494D-9373-BA5D24A161A5}.Debug|Any CPU.ActiveCfg = Debug|Any CPU
		{45777EE5-F945-494D-9373-BA5D24A161A5}.Debug|Any CPU.Build.0 = Debug|Any CPU
		{45777EE5-F945-494D-9373-BA5D24A161A5}.Release|Any CPU.ActiveCfg = Release|Any CPU
		{45777EE5-F945-494D-9373-BA5D24A161A5}.Release|Any CPU.Build.0 = Release|Any CPU
		{F45AA6F1-4B4A-41B3-A966-D716BEB31C41}.Debug|Any CPU.ActiveCfg = Debug|Any CPU
		{F45AA6F1-4B4A-41B3-A966-D716BEB31C41}.Debug|Any CPU.Build.0 = Debug|Any CPU
		{F45AA6F1-4B4A-41B3-A966-D716BEB31C41}.Release|Any CPU.ActiveCfg = Release|Any CPU
		{F45AA6F1-4B4A-41B3-A966-D716BEB31C41}.Release|Any CPU.Build.0 = Release|Any CPU
		{282F0B9E-02E3-4057-A5C9-CE24CB800985}.Debug|Any CPU.ActiveCfg = Debug|Any CPU
		{282F0B9E-02E3-4057-A5C9-CE24CB800985}.Debug|Any CPU.Build.0 = Debug|Any CPU
		{282F0B9E-02E3-4057-A5C9-CE24CB800985}.Release|Any CPU.ActiveCfg = Release|Any CPU
		{282F0B9E-02E3-4057-A5C9-CE24CB800985}.Release|Any CPU.Build.0 = Release|Any CPU
	EndGlobalSection
	GlobalSection(SolutionProperties) = preSolution
		HideSolutionNode = FALSE
	EndGlobalSection
EndGlobal
