
Microsoft Visual Studio Solution File, Format Version 12.00
# Visual Studio 14
VisualStudioVersion = 14.0.25420.1
MinimumVisualStudioVersion = 10.0.40219.1
Project("{FAE04EC0-301F-11D3-BF4B-00C04F79EFBC}") = "Opgave1+2", "Opgave1+2\Opgave1+2.csproj", "{7D938E52-41E6-483D-BFC9-0FE6DD97CA3F}"
EndProject
Project("{FAE04EC0-301F-11D3-BF4B-00C04F79EFBC}") = "Opgave3", "Opgave3\Opgave3.csproj", "{50CD93CC-D5C9-41FE-BD31-537D8EA68E0D}"
EndProject
Project("{FAE04EC0-301F-11D3-BF4B-00C04F79EFBC}") = "Opgave4", "Opgave4\Opgave4.csproj", "{BEB67D0D-CBA4-4D62-A4BE-DDE50C78214F}"
EndProject
Global
	GlobalSection(SolutionConfigurationPlatforms) = preSolution
		Debug|Any CPU = Debug|Any CPU
		Release|Any CPU = Release|Any CPU
	EndGlobalSection
	GlobalSection(ProjectConfigurationPlatforms) = postSolution
		{7D938E52-41E6-483D-BFC9-0FE6DD97CA3F}.Debug|Any CPU.ActiveCfg = Debug|Any CPU
		{7D938E52-41E6-483D-BFC9-0FE6DD97CA3F}.Debug|Any CPU.Build.0 = Debug|Any CPU
		{7D938E52-41E6-483D-BFC9-0FE6DD97CA3F}.Release|Any CPU.ActiveCfg = Release|Any CPU
		{7D938E52-41E6-483D-BFC9-0FE6DD97CA3F}.Release|Any CPU.Build.0 = Release|Any CPU
		{50CD93CC-D5C9-41FE-BD31-537D8EA68E0D}.Debug|Any CPU.ActiveCfg = Debug|Any CPU
		{50CD93CC-D5C9-41FE-BD31-537D8EA68E0D}.Debug|Any CPU.Build.0 = Debug|Any CPU
		{50CD93CC-D5C9-41FE-BD31-537D8EA68E0D}.Release|Any CPU.ActiveCfg = Release|Any CPU
		{50CD93CC-D5C9-41FE-BD31-537D8EA68E0D}.Release|Any CPU.Build.0 = Release|Any CPU
		{BEB67D0D-CBA4-4D62-A4BE-DDE50C78214F}.Debug|Any CPU.ActiveCfg = Debug|Any CPU
		{BEB67D0D-CBA4-4D62-A4BE-DDE50C78214F}.Debug|Any CPU.Build.0 = Debug|Any CPU
		{BEB67D0D-CBA4-4D62-A4BE-DDE50C78214F}.Release|Any CPU.ActiveCfg = Release|Any CPU
		{BEB67D0D-CBA4-4D62-A4BE-DDE50C78214F}.Release|Any CPU.Build.0 = Release|Any CPU
	EndGlobalSection
	GlobalSection(SolutionProperties) = preSolution
		HideSolutionNode = FALSE
	EndGlobalSection
EndGlobal
